
Microsoft Visual Studio Solution File, Format Version 12.00
# Visual Studio 2013
VisualStudioVersion = 12.0.21005.1
MinimumVisualStudioVersion = 10.0.40219.1
Project("{8BC9CEB8-8B4A-11D0-8D11-00A0C91BC942}") = "test_2021_1_25", "test_2021_1_25\test_2021_1_25.vcxproj", "{71A4B12A-6D49-4396-8EDF-708D87896130}"
EndProject
Global
	GlobalSection(SolutionConfigurationPlatforms) = preSolution
		Debug|Win32 = Debug|Win32
		Release|Win32 = Release|Win32
	EndGlobalSection
	GlobalSection(ProjectConfigurationPlatforms) = postSolution
		{71A4B12A-6D49-4396-8EDF-708D87896130}.Debug|Win32.ActiveCfg = Debug|Win32
		{71A4B12A-6D49-4396-8EDF-708D87896130}.Debug|Win32.Build.0 = Debug|Win32
		{71A4B12A-6D49-4396-8EDF-708D87896130}.Release|Win32.ActiveCfg = Release|Win32
		{71A4B12A-6D49-4396-8EDF-708D87896130}.Release|Win32.Build.0 = Release|Win32
	EndGlobalSection
	GlobalSection(SolutionProperties) = preSolution
		HideSolutionNode = FALSE
	EndGlobalSection
EndGlobal
